
Microsoft Visual Studio Solution File, Format Version 12.00
# Visual Studio Version 17
VisualStudioVersion = 17.0.31410.414
MinimumVisualStudioVersion = 10.0.40219.1
Project("{9A19103F-16F7-4668-BE54-9A1E7A4F7556}") = "BlobCrypto", "BlobCrypto.csproj", "{FD38F035-7629-465F-83A9-EE9B577BA012}"
EndProject
Global
	GlobalSection(SolutionConfigurationPlatforms) = preSolution
		Debug|Any CPU = Debug|Any CPU
		Release|Any CPU = Release|Any CPU
	EndGlobalSection
	GlobalSection(ProjectConfigurationPlatforms) = postSolution
		{FD38F035-7629-465F-83A9-EE9B577BA012}.Debug|Any CPU.ActiveCfg = Debug|Any CPU
		{FD38F035-7629-465F-83A9-EE9B577BA012}.Debug|Any CPU.Build.0 = Debug|Any CPU
		{FD38F035-7629-465F-83A9-EE9B577BA012}.Release|Any CPU.ActiveCfg = Release|Any CPU
		{FD38F035-7629-465F-83A9-EE9B577BA012}.Release|Any CPU.Build.0 = Release|Any CPU
	EndGlobalSection
	GlobalSection(SolutionProperties) = preSolution
		HideSolutionNode = FALSE
	EndGlobalSection
	GlobalSection(ExtensibilityGlobals) = postSolution
		SolutionGuid = {1386E799-AFE7-46CE-A68B-3F74A6ABC69E}
	EndGlobalSection
EndGlobal
